// !$*UTF8*$!
{
	archiveVersion = 1;
	classes = {
	};
	objectVersion = 46;
	objects = {

/* Begin PBXBuildFile section */
		9405F43219F76314005DFC27 /* 普利姆算法.c in Sources */ = {isa = PBXBuildFile; fileRef = 9405F43119F76314005DFC27 /* 普利姆算法.c */; };
		940958BA19F5F15E00B8F63A /* main.c in Sources */ = {isa = PBXBuildFile; fileRef = 940958B919F5F15E00B8F63A /* main.c */; };
		940958C119F5F16D00B8F63A /* ThreadTree.c in Sources */ = {isa = PBXBuildFile; fileRef = 940958C019F5F16D00B8F63A /* ThreadTree.c */; };
		940958C319F615E600B8F63A /* 邻接矩阵.c in Sources */ = {isa = PBXBuildFile; fileRef = 940958C219F615E600B8F63A /* 邻接矩阵.c */; };
		940958C519F628F600B8F63A /* Map2.c in Sources */ = {isa = PBXBuildFile; fileRef = 940958C419F628F600B8F63A /* Map2.c */; };
		946E555E19F6418000B3945D /* Map3.c in Sources */ = {isa = PBXBuildFile; fileRef = 946E555D19F6418000B3945D /* Map3.c */; };
		946E556019F64A0400B3945D /* KMP.c in Sources */ = {isa = PBXBuildFile; fileRef = 946E555F19F64A0400B3945D /* KMP.c */; };
		946E556219F655DF00B3945D /* BiTree.c in Sources */ = {isa = PBXBuildFile; fileRef = 946E556119F655DF00B3945D /* BiTree.c */; };
/* End PBXBuildFile section */

/* Begin PBXCopyFilesBuildPhase section */
		940958B419F5F15E00B8F63A /* CopyFiles */ = {
			isa = PBXCopyFilesBuildPhase;
			buildActionMask = 2147483647;
			dstPath = /usr/share/man/man1/;
			dstSubfolderSpec = 0;
			files = (
			);
			runOnlyForDeploymentPostprocessing = 1;
		};
/* End PBXCopyFilesBuildPhase section */

/* Begin PBXFileReference section */
		9405F43119F76314005DFC27 /* 普利姆算法.c */ = {isa = PBXFileReference; fileEncoding = 4; lastKnownFileType = sourcecode.c.c; path = "普利姆算法.c"; sourceTree = "<group>"; };
		940958B619F5F15E00B8F63A /* DS */ = {isa = PBXFileReference; explicitFileType = "compiled.mach-o.executable"; includeInIndex = 0; path = DS; sourceTree = BUILT_PRODUCTS_DIR; };
		940958B919F5F15E00B8F63A /* main.c */ = {isa = PBXFileReference; lastKnownFileType = sourcecode.c.c; path = main.c; sourceTree = "<group>"; };
		940958C019F5F16D00B8F63A /* ThreadTree.c */ = {isa = PBXFileReference; fileEncoding = 4; lastKnownFileType = sourcecode.c.c; path = ThreadTree.c; sourceTree = "<group>"; };
		940958C219F615E600B8F63A /* 邻接矩阵.c */ = {isa = PBXFileReference; fileEncoding = 4; lastKnownFileType = sourcecode.c.c; path = "邻接矩阵.c"; sourceTree = "<group>"; };
		940958C419F628F600B8F63A /* Map2.c */ = {isa = PBXFileReference; fileEncoding = 4; lastKnownFileType = sourcecode.c.c; path = Map2.c; sourceTree = "<group>"; };
		946E555D19F6418000B3945D /* Map3.c */ = {isa = PBXFileReference; fileEncoding = 4; lastKnownFileType = sourcecode.c.c; path = Map3.c; sourceTree = "<group>"; };
		946E555F19F64A0400B3945D /* KMP.c */ = {isa = PBXFileReference; fileEncoding = 4; lastKnownFileType = sourcecode.c.c; path = KMP.c; sourceTree = "<group>"; };
		946E556119F655DF00B3945D /* BiTree.c */ = {isa = PBXFileReference; fileEncoding = 4; lastKnownFileType = sourcecode.c.c; path = BiTree.c; sourceTree = "<group>"; };
/* End PBXFileReference section */

/* Begin PBXFrameworksBuildPhase section */
		940958B319F5F15E00B8F63A /* Frameworks */ = {
			isa = PBXFrameworksBuildPhase;
			buildActionMask = 2147483647;
			files = (
			);
			runOnlyForDeploymentPostprocessing = 0;
		};
/* End PBXFrameworksBuildPhase section */

/* Begin PBXGroup section */
		940958AD19F5F15E00B8F63A = {
			isa = PBXGroup;
			children = (
				940958B819F5F15E00B8F63A /* DS */,
				940958B719F5F15E00B8F63A /* Products */,
			);
			sourceTree = "<group>";
		};
		940958B719F5F15E00B8F63A /* Products */ = {
			isa = PBXGroup;
			children = (
				940958B619F5F15E00B8F63A /* DS */,
			);
			name = Products;
			sourceTree = "<group>";
		};
		940958B819F5F15E00B8F63A /* DS */ = {
			isa = PBXGroup;
			children = (
				940958B919F5F15E00B8F63A /* main.c */,
				940958C019F5F16D00B8F63A /* ThreadTree.c */,
				940958C219F615E600B8F63A /* 邻接矩阵.c */,
				940958C419F628F600B8F63A /* Map2.c */,
				946E555D19F6418000B3945D /* Map3.c */,
				946E555F19F64A0400B3945D /* KMP.c */,
				946E556119F655DF00B3945D /* BiTree.c */,
				9405F43119F76314005DFC27 /* 普利姆算法.c */,
			);
			path = DS;
			sourceTree = "<group>";
		};
/* End PBXGroup section */

/* Begin PBXNativeTarget section */
		940958B519F5F15E00B8F63A /* DS */ = {
			isa = PBXNativeTarget;
			buildConfigurationList = 940958BD19F5F15E00B8F63A /* Build configuration list for PBXNativeTarget "DS" */;
			buildPhases = (
				940958B219F5F15E00B8F63A /* Sources */,
				940958B319F5F15E00B8F63A /* Frameworks */,
				940958B419F5F15E00B8F63A /* CopyFiles */,
			);
			buildRules = (
			);
			dependencies = (
			);
			name = DS;
			productName = DS;
			productReference = 940958B619F5F15E00B8F63A /* DS */;
			productType = "com.apple.product-type.tool";
		};
/* End PBXNativeTarget section */

/* Begin PBXProject section */
		940958AE19F5F15E00B8F63A /* Project object */ = {
			isa = PBXProject;
			attributes = {
				LastUpgradeCheck = 0610;
				ORGANIZATIONNAME = wadexiong;
				TargetAttributes = {
					940958B519F5F15E00B8F63A = {
						CreatedOnToolsVersion = 6.1;
					};
				};
			};
			buildConfigurationList = 940958B119F5F15E00B8F63A /* Build configuration list for PBXProject "DS" */;
			compatibilityVersion = "Xcode 3.2";
			developmentRegion = English;
			hasScannedForEncodings = 0;
			knownRegions = (
				en,
			);
			mainGroup = 940958AD19F5F15E00B8F63A;
			productRefGroup = 940958B719F5F15E00B8F63A /* Products */;
			projectDirPath = "";
			projectRoot = "";
			targets = (
				940958B519F5F15E00B8F63A /* DS */,
			);
		};
/* End PBXProject section */

/* Begin PBXSourcesBuildPhase section */
		940958B219F5F15E00B8F63A /* Sources */ = {
			isa = PBXSourcesBuildPhase;
			buildActionMask = 2147483647;
			files = (
				946E556019F64A0400B3945D /* KMP.c in Sources */,
				9405F43219F76314005DFC27 /* 普利姆算法.c in Sources */,
				946E555E19F6418000B3945D /* Map3.c in Sources */,
				940958C319F615E600B8F63A /* 邻接矩阵.c in Sources */,
				946E556219F655DF00B3945D /* BiTree.c in Sources */,
				940958BA19F5F15E00B8F63A /* main.c in Sources */,
				940958C119F5F16D00B8F63A /* ThreadTree.c in Sources */,
				940958C519F628F600B8F63A /* Map2.c in Sources */,
			);
			runOnlyForDeploymentPostprocessing = 0;
		};
/* End PBXSourcesBuildPhase section */

/* Begin XCBuildConfiguration section */
		940958BB19F5F15E00B8F63A /* Debug */ = {
			isa = XCBuildConfiguration;
			buildSettings = {
				ALWAYS_SEARCH_USER_PATHS = NO;
				CLANG_CXX_LANGUAGE_STANDARD = "gnu++0x";
				CLANG_CXX_LIBRARY = "libc++";
				CLANG_ENABLE_MODULES = YES;
				CLANG_ENABLE_OBJC_ARC = YES;
				CLANG_WARN_BOOL_CONVERSION = YES;
				CLANG_WARN_CONSTANT_CONVERSION = YES;
				CLANG_WARN_DIRECT_OBJC_ISA_USAGE = YES_ERROR;
				CLANG_WARN_EMPTY_BODY = YES;
				CLANG_WARN_ENUM_CONVERSION = YES;
				CLANG_WARN_INT_CONVERSION = YES;
				CLANG_WARN_OBJC_ROOT_CLASS = YES_ERROR;
				CLANG_WARN_UNREACHABLE_CODE = YES;
				CLANG_WARN__DUPLICATE_METHOD_MATCH = YES;
				COPY_PHASE_STRIP = NO;
				ENABLE_STRICT_OBJC_MSGSEND = YES;
				GCC_C_LANGUAGE_STANDARD = gnu99;
				GCC_DYNAMIC_NO_PIC = NO;
				GCC_OPTIMIZATION_LEVEL = 0;
				GCC_PREPROCESSOR_DEFINITIONS = (
					"DEBUG=1",
					"$(inherited)",
				);
				GCC_SYMBOLS_PRIVATE_EXTERN = NO;
				GCC_WARN_64_TO_32_BIT_CONVERSION = YES;
				GCC_WARN_ABOUT_RETURN_TYPE = YES_ERROR;
				GCC_WARN_UNDECLARED_SELECTOR = YES;
				GCC_WARN_UNINITIALIZED_AUTOS = YES_AGGRESSIVE;
				GCC_WARN_UNUSED_FUNCTION = YES;
				GCC_WARN_UNUSED_VARIABLE = YES;
				MACOSX_DEPLOYMENT_TARGET = 10.9;
				MTL_ENABLE_DEBUG_INFO = YES;
				ONLY_ACTIVE_ARCH = YES;
				SDKROOT = macosx;
			};
			name = Debug;
		};
		940958BC19F5F15E00B8F63A /* Release */ = {
			isa = XCBuildConfiguration;
			buildSettings = {
				ALWAYS_SEARCH_USER_PATHS = NO;
				CLANG_CXX_LANGUAGE_STANDARD = "gnu++0x";
				CLANG_CXX_LIBRARY = "libc++";
				CLANG_ENABLE_MODULES = YES;
				CLANG_ENABLE_OBJC_ARC = YES;
				CLANG_WARN_BOOL_CONVERSION = YES;
				CLANG_WARN_CONSTANT_CONVERSION = YES;
				CLANG_WARN_DIRECT_OBJC_ISA_USAGE = YES_ERROR;
				CLANG_WARN_EMPTY_BODY = YES;
				CLANG_WARN_ENUM_CONVERSION = YES;
				CLANG_WARN_INT_CONVERSION = YES;
				CLANG_WARN_OBJC_ROOT_CLASS = YES_ERROR;
				CLANG_WARN_UNREACHABLE_CODE = YES;
				CLANG_WARN__DUPLICATE_METHOD_MATCH = YES;
				COPY_PHASE_STRIP = YES;
				DEBUG_INFORMATION_FORMAT = "dwarf-with-dsym";
				ENABLE_NS_ASSERTIONS = NO;
				ENABLE_STRICT_OBJC_MSGSEND = YES;
				GCC_C_LANGUAGE_STANDARD = gnu99;
				GCC_WARN_64_TO_32_BIT_CONVERSION = YES;
				GCC_WARN_ABOUT_RETURN_TYPE = YES_ERROR;
				GCC_WARN_UNDECLARED_SELECTOR = YES;
				GCC_WARN_UNINITIALIZED_AUTOS = YES_AGGRESSIVE;
				GCC_WARN_UNUSED_FUNCTION = YES;
				GCC_WARN_UNUSED_VARIABLE = YES;
				MACOSX_DEPLOYMENT_TARGET = 10.9;
				MTL_ENABLE_DEBUG_INFO = NO;
				SDKROOT = macosx;
			};
			name = Release;
		};
		940958BE19F5F15E00B8F63A /* Debug */ = {
			isa = XCBuildConfiguration;
			buildSettings = {
				PRODUCT_NAME = "$(TARGET_NAME)";
			};
			name = Debug;
		};
		940958BF19F5F15E00B8F63A /* Release */ = {
			isa = XCBuildConfiguration;
			buildSettings = {
				PRODUCT_NAME = "$(TARGET_NAME)";
			};
			name = Release;
		};
/* End XCBuildConfiguration section */

/* Begin XCConfigurationList section */
		940958B119F5F15E00B8F63A /* Build configuration list for PBXProject "DS" */ = {
			isa = XCConfigurationList;
			buildConfigurations = (
				940958BB19F5F15E00B8F63A /* Debug */,
				940958BC19F5F15E00B8F63A /* Release */,
			);
			defaultConfigurationIsVisible = 0;
			defaultConfigurationName = Release;
		};
		940958BD19F5F15E00B8F63A /* Build configuration list for PBXNativeTarget "DS" */ = {
			isa = XCConfigurationList;
			buildConfigurations = (
				940958BE19F5F15E00B8F63A /* Debug */,
				940958BF19F5F15E00B8F63A /* Release */,
			);
			defaultConfigurationIsVisible = 0;
			defaultConfigurationName = Release;
		};
/* End XCConfigurationList section */
	};
	rootObject = 940958AE19F5F15E00B8F63A /* Project object */;
}
